
Microsoft Visual Studio Solution File, Format Version 12.00
# Visual Studio Version 16
VisualStudioVersion = 16.0.30907.101
MinimumVisualStudioVersion = 10.0.40219.1
Project("{FAE04EC0-301F-11D3-BF4B-00C04F79EFBC}") = "BeatSaverUpdater", "BeatSaverUpdater\BeatSaverUpdater.csproj", "{C44B8607-EFDD-4E48-912F-9BF698B70D76}"
EndProject
Global
	GlobalSection(SolutionConfigurationPlatforms) = preSolution
		Debug|Any CPU = Debug|Any CPU
		Release|Any CPU = Release|Any CPU
	EndGlobalSection
	GlobalSection(ProjectConfigurationPlatforms) = postSolution
		{C44B8607-EFDD-4E48-912F-9BF698B70D76}.Debug|Any CPU.ActiveCfg = Debug|Any CPU
		{C44B8607-EFDD-4E48-912F-9BF698B70D76}.Debug|Any CPU.Build.0 = Debug|Any CPU
		{C44B8607-EFDD-4E48-912F-9BF698B70D76}.Release|Any CPU.ActiveCfg = Release|Any CPU
		{C44B8607-EFDD-4E48-912F-9BF698B70D76}.Release|Any CPU.Build.0 = Release|Any CPU
	EndGlobalSection
	GlobalSection(SolutionProperties) = preSolution
		HideSolutionNode = FALSE
	EndGlobalSection
	GlobalSection(ExtensibilityGlobals) = postSolution
		SolutionGuid = {8D980B18-125A-4289-87B3-3F30AE1207B7}
	EndGlobalSection
EndGlobal
